// !$*UTF8*$!
{
	archiveVersion = 1;
	classes = {
	};
	objectVersion = 60;
	objects = {

/* Begin PBXBuildFile section */
		825EAAFB2C38C0DC004F5D71 /* StudyingAppApp.swift in Sources */ = {isa = PBXBuildFile; fileRef = 825EAAFA2C38C0DC004F5D71 /* StudyingAppApp.swift */; };
		825EAAFD2C38C0DC004F5D71 /* ContentView.swift in Sources */ = {isa = PBXBuildFile; fileRef = 825EAAFC2C38C0DC004F5D71 /* ContentView.swift */; };
		825EAAFF2C38C0DD004F5D71 /* Assets.xcassets in Resources */ = {isa = PBXBuildFile; fileRef = 825EAAFE2C38C0DD004F5D71 /* Assets.xcassets */; };
		825EAB022C38C0DD004F5D71 /* Preview Assets.xcassets in Resources */ = {isa = PBXBuildFile; fileRef = 825EAB012C38C0DD004F5D71 /* Preview Assets.xcassets */; };
		825EAB142C38CA7C004F5D71 /* Home in Frameworks */ = {isa = PBXBuildFile; productRef = 825EAB132C38CA7C004F5D71 /* Home */; };
		825EAB182C38D1DD004F5D71 /* NetworkManager in Frameworks */ = {isa = PBXBuildFile; productRef = 825EAB172C38D1DD004F5D71 /* NetworkManager */; };
/* End PBXBuildFile section */

/* Begin PBXFileReference section */
		825EAAF72C38C0DC004F5D71 /* StudyingApp.app */ = {isa = PBXFileReference; explicitFileType = wrapper.application; includeInIndex = 0; path = StudyingApp.app; sourceTree = BUILT_PRODUCTS_DIR; };
		825EAAFA2C38C0DC004F5D71 /* StudyingAppApp.swift */ = {isa = PBXFileReference; lastKnownFileType = sourcecode.swift; path = StudyingAppApp.swift; sourceTree = "<group>"; };
		825EAAFC2C38C0DC004F5D71 /* ContentView.swift */ = {isa = PBXFileReference; lastKnownFileType = sourcecode.swift; path = ContentView.swift; sourceTree = "<group>"; };
		825EAAFE2C38C0DD004F5D71 /* Assets.xcassets */ = {isa = PBXFileReference; lastKnownFileType = folder.assetcatalog; path = Assets.xcassets; sourceTree = "<group>"; };
		825EAB012C38C0DD004F5D71 /* Preview Assets.xcassets */ = {isa = PBXFileReference; lastKnownFileType = folder.assetcatalog; path = "Preview Assets.xcassets"; sourceTree = "<group>"; };
		825EAB082C38C443004F5D71 /* Features */ = {isa = PBXFileReference; lastKnownFileType = wrapper; name = Features; path = StudyingApp/Features; sourceTree = "<group>"; };
		825EAB162C38CB20004F5D71 /* DataManagement */ = {isa = PBXFileReference; lastKnownFileType = wrapper; name = DataManagement; path = StudyingApp/DataManagement; sourceTree = "<group>"; };
/* End PBXFileReference section */

/* Begin PBXFrameworksBuildPhase section */
		825EAAF42C38C0DC004F5D71 /* Frameworks */ = {
			isa = PBXFrameworksBuildPhase;
			buildActionMask = 2147483647;
			files = (
				825EAB142C38CA7C004F5D71 /* Home in Frameworks */,
				825EAB182C38D1DD004F5D71 /* NetworkManager in Frameworks */,
			);
			runOnlyForDeploymentPostprocessing = 0;
		};
/* End PBXFrameworksBuildPhase section */

/* Begin PBXGroup section */
		825EAAEE2C38C0DC004F5D71 = {
			isa = PBXGroup;
			children = (
				825EAB162C38CB20004F5D71 /* DataManagement */,
				825EAB082C38C443004F5D71 /* Features */,
				825EAAF92C38C0DC004F5D71 /* StudyingApp */,
				825EAAF82C38C0DC004F5D71 /* Products */,
				825EAB122C38CA7C004F5D71 /* Frameworks */,
			);
			sourceTree = "<group>";
		};
		825EAAF82C38C0DC004F5D71 /* Products */ = {
			isa = PBXGroup;
			children = (
				825EAAF72C38C0DC004F5D71 /* StudyingApp.app */,
			);
			name = Products;
			sourceTree = "<group>";
		};
		825EAAF92C38C0DC004F5D71 /* StudyingApp */ = {
			isa = PBXGroup;
			children = (
				825EAAFA2C38C0DC004F5D71 /* StudyingAppApp.swift */,
				825EAAFC2C38C0DC004F5D71 /* ContentView.swift */,
				825EAAFE2C38C0DD004F5D71 /* Assets.xcassets */,
				825EAB002C38C0DD004F5D71 /* Preview Content */,
			);
			path = StudyingApp;
			sourceTree = "<group>";
		};
		825EAB002C38C0DD004F5D71 /* Preview Content */ = {
			isa = PBXGroup;
			children = (
				825EAB012C38C0DD004F5D71 /* Preview Assets.xcassets */,
			);
			path = "Preview Content";
			sourceTree = "<group>";
		};
		825EAB122C38CA7C004F5D71 /* Frameworks */ = {
			isa = PBXGroup;
			children = (
			);
			name = Frameworks;
			sourceTree = "<group>";
		};
/* End PBXGroup section */

/* Begin PBXNativeTarget section */
		825EAAF62C38C0DC004F5D71 /* StudyingApp */ = {
			isa = PBXNativeTarget;
			buildConfigurationList = 825EAB052C38C0DD004F5D71 /* Build configuration list for PBXNativeTarget "StudyingApp" */;
			buildPhases = (
				825EAAF32C38C0DC004F5D71 /* Sources */,
				825EAAF42C38C0DC004F5D71 /* Frameworks */,
				825EAAF52C38C0DC004F5D71 /* Resources */,
			);
			buildRules = (
			);
			dependencies = (
			);
			name = StudyingApp;
			packageProductDependencies = (
				825EAB132C38CA7C004F5D71 /* Home */,
				825EAB172C38D1DD004F5D71 /* NetworkManager */,
			);
			productName = StudyingApp;
			productReference = 825EAAF72C38C0DC004F5D71 /* StudyingApp.app */;
			productType = "com.apple.product-type.application";
		};
/* End PBXNativeTarget section */

/* Begin PBXProject section */
		825EAAEF2C38C0DC004F5D71 /* Project object */ = {
			isa = PBXProject;
			attributes = {
				BuildIndependentTargetsInParallel = 1;
				LastSwiftUpdateCheck = 1540;
				LastUpgradeCheck = 1540;
				TargetAttributes = {
					825EAAF62C38C0DC004F5D71 = {
						CreatedOnToolsVersion = 15.4;
					};
				};
			};
			buildConfigurationList = 825EAAF22C38C0DC004F5D71 /* Build configuration list for PBXProject "StudyingApp" */;
			compatibilityVersion = "Xcode 14.0";
			developmentRegion = en;
			hasScannedForEncodings = 0;
			knownRegions = (
				en,
				Base,
			);
			mainGroup = 825EAAEE2C38C0DC004F5D71;
			packageReferences = (
				825EAB092C38C4D3004F5D71 /* XCLocalSwiftPackageReference "StudyingApp/Features" */,
			);
			productRefGroup = 825EAAF82C38C0DC004F5D71 /* Products */;
			projectDirPath = "";
			projectRoot = "";
			targets = (
				825EAAF62C38C0DC004F5D71 /* StudyingApp */,
			);
		};
/* End PBXProject section */

/* Begin PBXResourcesBuildPhase section */
		825EAAF52C38C0DC004F5D71 /* Resources */ = {
			isa = PBXResourcesBuildPhase;
			buildActionMask = 2147483647;
			files = (
				825EAB022C38C0DD004F5D71 /* Preview Assets.xcassets in Resources */,
				825EAAFF2C38C0DD004F5D71 /* Assets.xcassets in Resources */,
			);
			runOnlyForDeploymentPostprocessing = 0;
		};
/* End PBXResourcesBuildPhase section */

/* Begin PBXSourcesBuildPhase section */
		825EAAF32C38C0DC004F5D71 /* Sources */ = {
			isa = PBXSourcesBuildPhase;
			buildActionMask = 2147483647;
			files = (
				825EAAFD2C38C0DC004F5D71 /* ContentView.swift in Sources */,
				825EAAFB2C38C0DC004F5D71 /* StudyingAppApp.swift in Sources */,
			);
			runOnlyForDeploymentPostprocessing = 0;
		};
/* End PBXSourcesBuildPhase section */

/* Begin XCBuildConfiguration section */
		825EAB032C38C0DD004F5D71 /* Debug */ = {
			isa = XCBuildConfiguration;
			buildSettings = {
				ALWAYS_SEARCH_USER_PATHS = NO;
				ASSETCATALOG_COMPILER_GENERATE_SWIFT_ASSET_SYMBOL_EXTENSIONS = YES;
				CLANG_ANALYZER_NONNULL = YES;
				CLANG_ANALYZER_NUMBER_OBJECT_CONVERSION = YES_AGGRESSIVE;
				CLANG_CXX_LANGUAGE_STANDARD = "gnu++20";
				CLANG_ENABLE_MODULES = YES;
				CLANG_ENABLE_OBJC_ARC = YES;
				CLANG_ENABLE_OBJC_WEAK = YES;
				CLANG_WARN_BLOCK_CAPTURE_AUTORELEASING = YES;
				CLANG_WARN_BOOL_CONVERSION = YES;
				CLANG_WARN_COMMA = YES;
				CLANG_WARN_CONSTANT_CONVERSION = YES;
				CLANG_WARN_DEPRECATED_OBJC_IMPLEMENTATIONS = YES;
				CLANG_WARN_DIRECT_OBJC_ISA_USAGE = YES_ERROR;
				CLANG_WARN_DOCUMENTATION_COMMENTS = YES;
				CLANG_WARN_EMPTY_BODY = YES;
				CLANG_WARN_ENUM_CONVERSION = YES;
				CLANG_WARN_INFINITE_RECURSION = YES;
				CLANG_WARN_INT_CONVERSION = YES;
				CLANG_WARN_NON_LITERAL_NULL_CONVERSION = YES;
				CLANG_WARN_OBJC_IMPLICIT_RETAIN_SELF = YES;
				CLANG_WARN_OBJC_LITERAL_CONVERSION = YES;
				CLANG_WARN_OBJC_ROOT_CLASS = YES_ERROR;
				CLANG_WARN_QUOTED_INCLUDE_IN_FRAMEWORK_HEADER = YES;
				CLANG_WARN_RANGE_LOOP_ANALYSIS = YES;
				CLANG_WARN_STRICT_PROTOTYPES = YES;
				CLANG_WARN_SUSPICIOUS_MOVE = YES;
				CLANG_WARN_UNGUARDED_AVAILABILITY = YES_AGGRESSIVE;
				CLANG_WARN_UNREACHABLE_CODE = YES;
				CLANG_WARN__DUPLICATE_METHOD_MATCH = YES;
				COPY_PHASE_STRIP = NO;
				DEBUG_INFORMATION_FORMAT = dwarf;
				ENABLE_STRICT_OBJC_MSGSEND = YES;
				ENABLE_TESTABILITY = YES;
				ENABLE_USER_SCRIPT_SANDBOXING = YES;
				GCC_C_LANGUAGE_STANDARD = gnu17;
				GCC_DYNAMIC_NO_PIC = NO;
				GCC_NO_COMMON_BLOCKS = YES;
				GCC_OPTIMIZATION_LEVEL = 0;
				GCC_PREPROCESSOR_DEFINITIONS = (
					"DEBUG=1",
					"$(inherited)",
				);
				GCC_WARN_64_TO_32_BIT_CONVERSION = YES;
				GCC_WARN_ABOUT_RETURN_TYPE = YES_ERROR;
				GCC_WARN_UNDECLARED_SELECTOR = YES;
				GCC_WARN_UNINITIALIZED_AUTOS = YES_AGGRESSIVE;
				GCC_WARN_UNUSED_FUNCTION = YES;
				GCC_WARN_UNUSED_VARIABLE = YES;
				IPHONEOS_DEPLOYMENT_TARGET = 17.5;
				LOCALIZATION_PREFERS_STRING_CATALOGS = YES;
				MTL_ENABLE_DEBUG_INFO = INCLUDE_SOURCE;
				MTL_FAST_MATH = YES;
				ONLY_ACTIVE_ARCH = YES;
				SDKROOT = iphoneos;
				SWIFT_ACTIVE_COMPILATION_CONDITIONS = "DEBUG $(inherited)";
				SWIFT_OPTIMIZATION_LEVEL = "-Onone";
			};
			name = Debug;
		};
		825EAB042C38C0DD004F5D71 /* Release */ = {
			isa = XCBuildConfiguration;
			buildSettings = {
				ALWAYS_SEARCH_USER_PATHS = NO;
				ASSETCATALOG_COMPILER_GENERATE_SWIFT_ASSET_SYMBOL_EXTENSIONS = YES;
				CLANG_ANALYZER_NONNULL = YES;
				CLANG_ANALYZER_NUMBER_OBJECT_CONVERSION = YES_AGGRESSIVE;
				CLANG_CXX_LANGUAGE_STANDARD = "gnu++20";
				CLANG_ENABLE_MODULES = YES;
				CLANG_ENABLE_OBJC_ARC = YES;
				CLANG_ENABLE_OBJC_WEAK = YES;
				CLANG_WARN_BLOCK_CAPTURE_AUTORELEASING = YES;
				CLANG_WARN_BOOL_CONVERSION = YES;
				CLANG_WARN_COMMA = YES;
				CLANG_WARN_CONSTANT_CONVERSION = YES;
				CLANG_WARN_DEPRECATED_OBJC_IMPLEMENTATIONS = YES;
				CLANG_WARN_DIRECT_OBJC_ISA_USAGE = YES_ERROR;
				CLANG_WARN_DOCUMENTATION_COMMENTS = YES;
				CLANG_WARN_EMPTY_BODY = YES;
				CLANG_WARN_ENUM_CONVERSION = YES;
				CLANG_WARN_INFINITE_RECURSION = YES;
				CLANG_WARN_INT_CONVERSION = YES;
				CLANG_WARN_NON_LITERAL_NULL_CONVERSION = YES;
				CLANG_WARN_OBJC_IMPLICIT_RETAIN_SELF = YES;
				CLANG_WARN_OBJC_LITERAL_CONVERSION = YES;
				CLANG_WARN_OBJC_ROOT_CLASS = YES_ERROR;
				CLANG_WARN_QUOTED_INCLUDE_IN_FRAMEWORK_HEADER = YES;
				CLANG_WARN_RANGE_LOOP_ANALYSIS = YES;
				CLANG_WARN_STRICT_PROTOTYPES = YES;
				CLANG_WARN_SUSPICIOUS_MOVE = YES;
				CLANG_WARN_UNGUARDED_AVAILABILITY = YES_AGGRESSIVE;
				CLANG_WARN_UNREACHABLE_CODE = YES;
				CLANG_WARN__DUPLICATE_METHOD_MATCH = YES;
				COPY_PHASE_STRIP = NO;
				DEBUG_INFORMATION_FORMAT = "dwarf-with-dsym";
				ENABLE_NS_ASSERTIONS = NO;
				ENABLE_STRICT_OBJC_MSGSEND = YES;
				ENABLE_USER_SCRIPT_SANDBOXING = YES;
				GCC_C_LANGUAGE_STANDARD = gnu17;
				GCC_NO_COMMON_BLOCKS = YES;
				GCC_WARN_64_TO_32_BIT_CONVERSION = YES;
				GCC_WARN_ABOUT_RETURN_TYPE = YES_ERROR;
				GCC_WARN_UNDECLARED_SELECTOR = YES;
				GCC_WARN_UNINITIALIZED_AUTOS = YES_AGGRESSIVE;
				GCC_WARN_UNUSED_FUNCTION = YES;
				GCC_WARN_UNUSED_VARIABLE = YES;
				IPHONEOS_DEPLOYMENT_TARGET = 17.5;
				LOCALIZATION_PREFERS_STRING_CATALOGS = YES;
				MTL_ENABLE_DEBUG_INFO = NO;
				MTL_FAST_MATH = YES;
				SDKROOT = iphoneos;
				SWIFT_COMPILATION_MODE = wholemodule;
				VALIDATE_PRODUCT = YES;
			};
			name = Release;
		};
		825EAB062C38C0DD004F5D71 /* Debug */ = {
			isa = XCBuildConfiguration;
			buildSettings = {
				ASSETCATALOG_COMPILER_APPICON_NAME = AppIcon;
				ASSETCATALOG_COMPILER_GLOBAL_ACCENT_COLOR_NAME = AccentColor;
				CODE_SIGN_STYLE = Automatic;
				CURRENT_PROJECT_VERSION = 1;
				DEVELOPMENT_ASSET_PATHS = "\"StudyingApp/Preview Content\"";
				ENABLE_PREVIEWS = YES;
				GENERATE_INFOPLIST_FILE = YES;
				INFOPLIST_KEY_UIApplicationSceneManifest_Generation = YES;
				INFOPLIST_KEY_UIApplicationSupportsIndirectInputEvents = YES;
				INFOPLIST_KEY_UILaunchScreen_Generation = YES;
				INFOPLIST_KEY_UISupportedInterfaceOrientations_iPad = "UIInterfaceOrientationPortrait UIInterfaceOrientationPortraitUpsideDown UIInterfaceOrientationLandscapeLeft UIInterfaceOrientationLandscapeRight";
				INFOPLIST_KEY_UISupportedInterfaceOrientations_iPhone = "UIInterfaceOrientationPortrait UIInterfaceOrientationLandscapeLeft UIInterfaceOrientationLandscapeRight";
				LD_RUNPATH_SEARCH_PATHS = (
					"$(inherited)",
					"@executable_path/Frameworks",
				);
				MARKETING_VERSION = 1.0;
				PRODUCT_BUNDLE_IDENTIFIER = com.jerry.test.StudyingApp;
				PRODUCT_NAME = "$(TARGET_NAME)";
				SWIFT_EMIT_LOC_STRINGS = YES;
				SWIFT_VERSION = 5.0;
				TARGETED_DEVICE_FAMILY = "1,2";
			};
			name = Debug;
		};
		825EAB072C38C0DD004F5D71 /* Release */ = {
			isa = XCBuildConfiguration;
			buildSettings = {
				ASSETCATALOG_COMPILER_APPICON_NAME = AppIcon;
				ASSETCATALOG_COMPILER_GLOBAL_ACCENT_COLOR_NAME = AccentColor;
				CODE_SIGN_STYLE = Automatic;
				CURRENT_PROJECT_VERSION = 1;
				DEVELOPMENT_ASSET_PATHS = "\"StudyingApp/Preview Content\"";
				ENABLE_PREVIEWS = YES;
				GENERATE_INFOPLIST_FILE = YES;
				INFOPLIST_KEY_UIApplicationSceneManifest_Generation = YES;
				INFOPLIST_KEY_UIApplicationSupportsIndirectInputEvents = YES;
				INFOPLIST_KEY_UILaunchScreen_Generation = YES;
				INFOPLIST_KEY_UISupportedInterfaceOrientations_iPad = "UIInterfaceOrientationPortrait UIInterfaceOrientationPortraitUpsideDown UIInterfaceOrientationLandscapeLeft UIInterfaceOrientationLandscapeRight";
				INFOPLIST_KEY_UISupportedInterfaceOrientations_iPhone = "UIInterfaceOrientationPortrait UIInterfaceOrientationLandscapeLeft UIInterfaceOrientationLandscapeRight";
				LD_RUNPATH_SEARCH_PATHS = (
					"$(inherited)",
					"@executable_path/Frameworks",
				);
				MARKETING_VERSION = 1.0;
				PRODUCT_BUNDLE_IDENTIFIER = com.jerry.test.StudyingApp;
				PRODUCT_NAME = "$(TARGET_NAME)";
				SWIFT_EMIT_LOC_STRINGS = YES;
				SWIFT_VERSION = 5.0;
				TARGETED_DEVICE_FAMILY = "1,2";
			};
			name = Release;
		};
/* End XCBuildConfiguration section */

/* Begin XCConfigurationList section */
		825EAAF22C38C0DC004F5D71 /* Build configuration list for PBXProject "StudyingApp" */ = {
			isa = XCConfigurationList;
			buildConfigurations = (
				825EAB032C38C0DD004F5D71 /* Debug */,
				825EAB042C38C0DD004F5D71 /* Release */,
			);
			defaultConfigurationIsVisible = 0;
			defaultConfigurationName = Release;
		};
		825EAB052C38C0DD004F5D71 /* Build configuration list for PBXNativeTarget "StudyingApp" */ = {
			isa = XCConfigurationList;
			buildConfigurations = (
				825EAB062C38C0DD004F5D71 /* Debug */,
				825EAB072C38C0DD004F5D71 /* Release */,
			);
			defaultConfigurationIsVisible = 0;
			defaultConfigurationName = Release;
		};
/* End XCConfigurationList section */

/* Begin XCLocalSwiftPackageReference section */
		825EAB092C38C4D3004F5D71 /* XCLocalSwiftPackageReference "StudyingApp/Features" */ = {
			isa = XCLocalSwiftPackageReference;
			relativePath = StudyingApp/Features;
		};
/* End XCLocalSwiftPackageReference section */

/* Begin XCSwiftPackageProductDependency section */
		825EAB132C38CA7C004F5D71 /* Home */ = {
			isa = XCSwiftPackageProductDependency;
			package = 825EAB092C38C4D3004F5D71 /* XCLocalSwiftPackageReference "StudyingApp/Features" */;
			productName = Home;
		};
		825EAB172C38D1DD004F5D71 /* NetworkManager */ = {
			isa = XCSwiftPackageProductDependency;
			productName = NetworkManager;
		};
/* End XCSwiftPackageProductDependency section */
	};
	rootObject = 825EAAEF2C38C0DC004F5D71 /* Project object */;
}
